
Microsoft Visual Studio Solution File, Format Version 12.00
# Visual Studio Version 17
VisualStudioVersion = 17.4.33122.133
MinimumVisualStudioVersion = 10.0.40219.1
Project("{FAE04EC0-301F-11D3-BF4B-00C04F79EFBC}") = "Fiorello", "Fiorello\Fiorello.csproj", "{9BD5020F-46FA-443F-A9D7-B260F387115D}"
EndProject
Global
	GlobalSection(SolutionConfigurationPlatforms) = preSolution
		Debug|Any CPU = Debug|Any CPU
		Release|Any CPU = Release|Any CPU
	EndGlobalSection
	GlobalSection(ProjectConfigurationPlatforms) = postSolution
		{9BD5020F-46FA-443F-A9D7-B260F387115D}.Debug|Any CPU.ActiveCfg = Debug|Any CPU
		{9BD5020F-46FA-443F-A9D7-B260F387115D}.Debug|Any CPU.Build.0 = Debug|Any CPU
		{9BD5020F-46FA-443F-A9D7-B260F387115D}.Release|Any CPU.ActiveCfg = Release|Any CPU
		{9BD5020F-46FA-443F-A9D7-B260F387115D}.Release|Any CPU.Build.0 = Release|Any CPU
	EndGlobalSection
	GlobalSection(SolutionProperties) = preSolution
		HideSolutionNode = FALSE
	EndGlobalSection
	GlobalSection(ExtensibilityGlobals) = postSolution
		SolutionGuid = {5A9FA271-F4E4-4C34-88C1-F5CC7FB28373}
	EndGlobalSection
EndGlobal
